# This file is automatically @generated by Cargo.
# It is not intended for manual editing.
version = 4

[[package]]
name = "yt-core"
version = "0.0.1"

[[package]]
name = "yt-engine"
version = "0.0.1"
dependencies = [
 "yt-core",
 "yt-manifest",
 "yt-memtable",
 "yt-wal",
]

[[package]]
name = "yt-manifest"
version = "0.0.1"
dependencies = [
 "yt-core",
]

[[package]]
name = "yt-memtable"
version = "0.0.1"
dependencies = [
 "yt-core",
]

[[package]]
name = "yt-vecindex-graph"
version = "0.0.1"
dependencies = [
 "yt-engine",
]

[[package]]
name = "yt-wal"
version = "0.0.1"
dependencies = [
 "yt-core",
]
